
Microsoft Visual Studio Solution File, Format Version 12.00
# Visual Studio 15
VisualStudioVersion = 15.0.27428.2005
MinimumVisualStudioVersion = 10.0.40219.1
Project("{888888A0-9F3D-457C-B088-3A5042F75D52}") = "WitCare", "WitCare\WitCare.pyproj", "{5BD17B89-AD2D-4AAE-97E3-1F066340B0B2}"
EndProject
Global
	GlobalSection(SolutionConfigurationPlatforms) = preSolution
		Debug|Any CPU = Debug|Any CPU
		Release|Any CPU = Release|Any CPU
	EndGlobalSection
	GlobalSection(ProjectConfigurationPlatforms) = postSolution
		{5BD17B89-AD2D-4AAE-97E3-1F066340B0B2}.Debug|Any CPU.ActiveCfg = Debug|Any CPU
		{5BD17B89-AD2D-4AAE-97E3-1F066340B0B2}.Debug|Any CPU.Build.0 = Debug|Any CPU
		{5BD17B89-AD2D-4AAE-97E3-1F066340B0B2}.Release|Any CPU.ActiveCfg = Release|Any CPU
		{5BD17B89-AD2D-4AAE-97E3-1F066340B0B2}.Release|Any CPU.Build.0 = Release|Any CPU
	EndGlobalSection
	GlobalSection(SolutionProperties) = preSolution
		HideSolutionNode = FALSE
	EndGlobalSection
	GlobalSection(ExtensibilityGlobals) = postSolution
		SolutionGuid = {58E587F5-C26D-43D1-82E8-B9ACF5E61472}
	EndGlobalSection
EndGlobal
